{
  "name": "Ticketing_Website",
  "lockfileVersion": 2,
  "requires": true,
  "packages": {
    "": {
      "devDependencies": {
        "html5-qrcode": "^2.3.3"
      }
    },
    "node_modules/html5-qrcode": {
      "version": "2.3.3",
      "resolved": "https://registry.npmjs.org/html5-qrcode/-/html5-qrcode-2.3.3.tgz",
      "integrity": "sha512-3mA9N7wKM+nEFemBo1vCNgypJBFv2WvBXeacLx9b+Z8sueW1cUHq6p5fQ9aIBDK0DNBvtqhhW+79hdJPUHGwrA==",
      "dev": true
    }
  },
  "dependencies": {
    "html5-qrcode": {
      "version": "2.3.3",
      "resolved": "https://registry.npmjs.org/html5-qrcode/-/html5-qrcode-2.3.3.tgz",
      "integrity": "sha512-3mA9N7wKM+nEFemBo1vCNgypJBFv2WvBXeacLx9b+Z8sueW1cUHq6p5fQ9aIBDK0DNBvtqhhW+79hdJPUHGwrA==",
      "dev": true
    }
  }
}
